{
  "lockfileVersion": 1,
  "configVersion": 1,
  "workspaces": {
    "": {
      "name": "@okcontract/cells",
      "dependencies": {
        "@okcontract/graph": "^0.2.0",
      },
      "devDependencies": {
        "typescript": "^5.3.3",
      },
    },
  },
  "packages": {
    "@okcontract/graph": ["@okcontract/graph@0.2.0", "", {}, "sha512-UCYVIyg6m+z2oveyWmO+YMLWvh9OlpXaBtqN9XZ/v5WinIGQZ5EjczInGiuohWS7iJTBfuxHfVi3G9EDqvpQBA=="],

    "typescript": ["typescript@5.9.3", "", { "bin": { "tsc": "bin/tsc", "tsserver": "bin/tsserver" } }, "sha512-jl1vZzPDinLr9eUt3J/t7V6FgNEw9QjvBPdysz9KfQDD41fQrC2Y4vKQdiaUpFT4bXlb1RHhLpp8wtm6M5TgSw=="],
  }
}
